
Microsoft Visual Studio Solution File, Format Version 12.00
# Visual Studio Version 17
VisualStudioVersion = 17.8.34330.188
MinimumVisualStudioVersion = 10.0.40219.1
Project("{F2A71F9B-5D33-465A-A702-920D77279786}") = "Zettai", "Zettai.fsproj", "{BCBD3D60-EFE9-4914-B849-78194D7CF2D5}"
EndProject
Project("{F2A71F9B-5D33-465A-A702-920D77279786}") = "Zettai.Tests", "..\Zettai.Tests\Zettai.Tests.fsproj", "{59EE3DE7-AE95-4DD3-80D5-2499CF8525FF}"
EndProject
Global
	GlobalSection(SolutionConfigurationPlatforms) = preSolution
		Debug|Any CPU = Debug|Any CPU
		Release|Any CPU = Release|Any CPU
	EndGlobalSection
	GlobalSection(ProjectConfigurationPlatforms) = postSolution
		{BCBD3D60-EFE9-4914-B849-78194D7CF2D5}.Debug|Any CPU.ActiveCfg = Debug|Any CPU
		{BCBD3D60-EFE9-4914-B849-78194D7CF2D5}.Debug|Any CPU.Build.0 = Debug|Any CPU
		{BCBD3D60-EFE9-4914-B849-78194D7CF2D5}.Release|Any CPU.ActiveCfg = Release|Any CPU
		{BCBD3D60-EFE9-4914-B849-78194D7CF2D5}.Release|Any CPU.Build.0 = Release|Any CPU
		{59EE3DE7-AE95-4DD3-80D5-2499CF8525FF}.Debug|Any CPU.ActiveCfg = Debug|Any CPU
		{59EE3DE7-AE95-4DD3-80D5-2499CF8525FF}.Debug|Any CPU.Build.0 = Debug|Any CPU
		{59EE3DE7-AE95-4DD3-80D5-2499CF8525FF}.Release|Any CPU.ActiveCfg = Release|Any CPU
		{59EE3DE7-AE95-4DD3-80D5-2499CF8525FF}.Release|Any CPU.Build.0 = Release|Any CPU
	EndGlobalSection
	GlobalSection(SolutionProperties) = preSolution
		HideSolutionNode = FALSE
	EndGlobalSection
	GlobalSection(ExtensibilityGlobals) = postSolution
		SolutionGuid = {29CCEC4E-D11E-4D22-93C2-F0E930CFEB89}
	EndGlobalSection
EndGlobal
