
Microsoft Visual Studio Solution File, Format Version 12.00
# Visual Studio Version 17
VisualStudioVersion = 17.8.34330.188
MinimumVisualStudioVersion = 10.0.40219.1
Project("{6EC3EE1D-3C4E-46DD-8F32-0CC8E7565705}") = "Zettai", "Zettai.fsproj", "{40997B64-B558-47E3-9BC8-B19D264E4F6B}"
EndProject
Project("{6EC3EE1D-3C4E-46DD-8F32-0CC8E7565705}") = "Zettai.Tests", "Zettai.Tests\Zettai.Tests.fsproj", "{21644AD9-4EF0-428B-9CFB-D6A3DEECB92E}"
EndProject
Global
	GlobalSection(SolutionConfigurationPlatforms) = preSolution
		Debug|Any CPU = Debug|Any CPU
		Release|Any CPU = Release|Any CPU
	EndGlobalSection
	GlobalSection(ProjectConfigurationPlatforms) = postSolution
		{40997B64-B558-47E3-9BC8-B19D264E4F6B}.Debug|Any CPU.ActiveCfg = Debug|Any CPU
		{40997B64-B558-47E3-9BC8-B19D264E4F6B}.Debug|Any CPU.Build.0 = Debug|Any CPU
		{40997B64-B558-47E3-9BC8-B19D264E4F6B}.Release|Any CPU.ActiveCfg = Release|Any CPU
		{40997B64-B558-47E3-9BC8-B19D264E4F6B}.Release|Any CPU.Build.0 = Release|Any CPU
		{21644AD9-4EF0-428B-9CFB-D6A3DEECB92E}.Debug|Any CPU.ActiveCfg = Debug|Any CPU
		{21644AD9-4EF0-428B-9CFB-D6A3DEECB92E}.Debug|Any CPU.Build.0 = Debug|Any CPU
		{21644AD9-4EF0-428B-9CFB-D6A3DEECB92E}.Release|Any CPU.ActiveCfg = Release|Any CPU
		{21644AD9-4EF0-428B-9CFB-D6A3DEECB92E}.Release|Any CPU.Build.0 = Release|Any CPU
	EndGlobalSection
	GlobalSection(SolutionProperties) = preSolution
		HideSolutionNode = FALSE
	EndGlobalSection
	GlobalSection(ExtensibilityGlobals) = postSolution
		SolutionGuid = {B56B0815-5EDA-4C3C-8F3C-DADE3B59BDA0}
	EndGlobalSection
EndGlobal
